
Microsoft Visual Studio Solution File, Format Version 12.00
# Visual Studio Version 17
VisualStudioVersion = 17.0.32112.339
MinimumVisualStudioVersion = 10.0.40219.1
Project("{9A19103F-16F7-4668-BE54-9A1E7A4F7556}") = "CSharpTest", "CSharpTest\CSharpTest.csproj", "{E392B484-2400-4AAD-A385-777E4A47B21B}"
EndProject
Project("{9A19103F-16F7-4668-BE54-9A1E7A4F7556}") = "EF_MySQL", "EF_MySQL\EF_MySQL.csproj", "{13151007-EE1E-4CCB-8F49-13ABE7A7871B}"
EndProject
Project("{9A19103F-16F7-4668-BE54-9A1E7A4F7556}") = "Base_SQL", "Base_SQL\Base_SQL.csproj", "{37B4F20E-2E1A-49C4-9314-22952EC7368A}"
EndProject
Project("{9A19103F-16F7-4668-BE54-9A1E7A4F7556}") = "IOC", "IOC\IOC.csproj", "{E683F336-7592-4806-BE51-E2355B2A3719}"
EndProject
Project("{9A19103F-16F7-4668-BE54-9A1E7A4F7556}") = "TCP", "TCP\TCP.csproj", "{C844F006-5D00-4436-85BA-FDCC312745FC}"
EndProject
Project("{9A19103F-16F7-4668-BE54-9A1E7A4F7556}") = "Boxing", "Boxing\Boxing.csproj", "{FBE374CC-07D1-4D9F-A0BE-3A7D75ABBFCF}"
EndProject
Project("{FAE04EC0-301F-11D3-BF4B-00C04F79EFBC}") = "WEBAPI1", "WEBAPI1\WEBAPI1.csproj", "{85CF1AD7-2587-4EB1-B2DE-5B8FCC302D27}"
EndProject
Project("{FAE04EC0-301F-11D3-BF4B-00C04F79EFBC}") = "WEB1", "WEB1\WEB1.csproj", "{854FEA51-DF4B-4365-A7DF-A0066EC0F810}"
EndProject
Project("{FAE04EC0-301F-11D3-BF4B-00C04F79EFBC}") = "WebApplication1", "WebApplication1\WebApplication1.csproj", "{948EA411-FDEC-451A-84CD-0A4F1EE528A7}"
EndProject
Project("{FAE04EC0-301F-11D3-BF4B-00C04F79EFBC}") = "BlazorApp1", "BlazorApp1\BlazorApp1.csproj", "{4BAB9BBB-30CF-41BB-805C-0AC9965B06C9}"
EndProject
Project("{FAE04EC0-301F-11D3-BF4B-00C04F79EFBC}") = "Project1", "Project1\Project1.csproj", "{A58D4B0D-4BCA-4B39-A8E1-F4424A3A8661}"
EndProject
Global
	GlobalSection(SolutionConfigurationPlatforms) = preSolution
		Debug|Any CPU = Debug|Any CPU
		Release|Any CPU = Release|Any CPU
	EndGlobalSection
	GlobalSection(ProjectConfigurationPlatforms) = postSolution
		{E392B484-2400-4AAD-A385-777E4A47B21B}.Debug|Any CPU.ActiveCfg = Debug|Any CPU
		{E392B484-2400-4AAD-A385-777E4A47B21B}.Debug|Any CPU.Build.0 = Debug|Any CPU
		{E392B484-2400-4AAD-A385-777E4A47B21B}.Release|Any CPU.ActiveCfg = Release|Any CPU
		{E392B484-2400-4AAD-A385-777E4A47B21B}.Release|Any CPU.Build.0 = Release|Any CPU
		{13151007-EE1E-4CCB-8F49-13ABE7A7871B}.Debug|Any CPU.ActiveCfg = Debug|Any CPU
		{13151007-EE1E-4CCB-8F49-13ABE7A7871B}.Debug|Any CPU.Build.0 = Debug|Any CPU
		{13151007-EE1E-4CCB-8F49-13ABE7A7871B}.Release|Any CPU.ActiveCfg = Release|Any CPU
		{13151007-EE1E-4CCB-8F49-13ABE7A7871B}.Release|Any CPU.Build.0 = Release|Any CPU
		{37B4F20E-2E1A-49C4-9314-22952EC7368A}.Debug|Any CPU.ActiveCfg = Debug|Any CPU
		{37B4F20E-2E1A-49C4-9314-22952EC7368A}.Debug|Any CPU.Build.0 = Debug|Any CPU
		{37B4F20E-2E1A-49C4-9314-22952EC7368A}.Release|Any CPU.ActiveCfg = Release|Any CPU
		{37B4F20E-2E1A-49C4-9314-22952EC7368A}.Release|Any CPU.Build.0 = Release|Any CPU
		{E683F336-7592-4806-BE51-E2355B2A3719}.Debug|Any CPU.ActiveCfg = Debug|Any CPU
		{E683F336-7592-4806-BE51-E2355B2A3719}.Debug|Any CPU.Build.0 = Debug|Any CPU
		{E683F336-7592-4806-BE51-E2355B2A3719}.Release|Any CPU.ActiveCfg = Release|Any CPU
		{E683F336-7592-4806-BE51-E2355B2A3719}.Release|Any CPU.Build.0 = Release|Any CPU
		{C844F006-5D00-4436-85BA-FDCC312745FC}.Debug|Any CPU.ActiveCfg = Debug|Any CPU
		{C844F006-5D00-4436-85BA-FDCC312745FC}.Debug|Any CPU.Build.0 = Debug|Any CPU
		{C844F006-5D00-4436-85BA-FDCC312745FC}.Release|Any CPU.ActiveCfg = Release|Any CPU
		{C844F006-5D00-4436-85BA-FDCC312745FC}.Release|Any CPU.Build.0 = Release|Any CPU
		{FBE374CC-07D1-4D9F-A0BE-3A7D75ABBFCF}.Debug|Any CPU.ActiveCfg = Debug|Any CPU
		{FBE374CC-07D1-4D9F-A0BE-3A7D75ABBFCF}.Debug|Any CPU.Build.0 = Debug|Any CPU
		{FBE374CC-07D1-4D9F-A0BE-3A7D75ABBFCF}.Release|Any CPU.ActiveCfg = Release|Any CPU
		{FBE374CC-07D1-4D9F-A0BE-3A7D75ABBFCF}.Release|Any CPU.Build.0 = Release|Any CPU
		{85CF1AD7-2587-4EB1-B2DE-5B8FCC302D27}.Debug|Any CPU.ActiveCfg = Debug|Any CPU
		{85CF1AD7-2587-4EB1-B2DE-5B8FCC302D27}.Debug|Any CPU.Build.0 = Debug|Any CPU
		{85CF1AD7-2587-4EB1-B2DE-5B8FCC302D27}.Release|Any CPU.ActiveCfg = Release|Any CPU
		{85CF1AD7-2587-4EB1-B2DE-5B8FCC302D27}.Release|Any CPU.Build.0 = Release|Any CPU
		{854FEA51-DF4B-4365-A7DF-A0066EC0F810}.Debug|Any CPU.ActiveCfg = Debug|Any CPU
		{854FEA51-DF4B-4365-A7DF-A0066EC0F810}.Debug|Any CPU.Build.0 = Debug|Any CPU
		{854FEA51-DF4B-4365-A7DF-A0066EC0F810}.Release|Any CPU.ActiveCfg = Release|Any CPU
		{854FEA51-DF4B-4365-A7DF-A0066EC0F810}.Release|Any CPU.Build.0 = Release|Any CPU
		{948EA411-FDEC-451A-84CD-0A4F1EE528A7}.Debug|Any CPU.ActiveCfg = Debug|Any CPU
		{948EA411-FDEC-451A-84CD-0A4F1EE528A7}.Debug|Any CPU.Build.0 = Debug|Any CPU
		{948EA411-FDEC-451A-84CD-0A4F1EE528A7}.Release|Any CPU.ActiveCfg = Release|Any CPU
		{948EA411-FDEC-451A-84CD-0A4F1EE528A7}.Release|Any CPU.Build.0 = Release|Any CPU
		{4BAB9BBB-30CF-41BB-805C-0AC9965B06C9}.Debug|Any CPU.ActiveCfg = Debug|Any CPU
		{4BAB9BBB-30CF-41BB-805C-0AC9965B06C9}.Debug|Any CPU.Build.0 = Debug|Any CPU
		{4BAB9BBB-30CF-41BB-805C-0AC9965B06C9}.Release|Any CPU.ActiveCfg = Release|Any CPU
		{4BAB9BBB-30CF-41BB-805C-0AC9965B06C9}.Release|Any CPU.Build.0 = Release|Any CPU
		{A58D4B0D-4BCA-4B39-A8E1-F4424A3A8661}.Debug|Any CPU.ActiveCfg = Debug|Any CPU
		{A58D4B0D-4BCA-4B39-A8E1-F4424A3A8661}.Debug|Any CPU.Build.0 = Debug|Any CPU
		{A58D4B0D-4BCA-4B39-A8E1-F4424A3A8661}.Release|Any CPU.ActiveCfg = Release|Any CPU
		{A58D4B0D-4BCA-4B39-A8E1-F4424A3A8661}.Release|Any CPU.Build.0 = Release|Any CPU
	EndGlobalSection
	GlobalSection(SolutionProperties) = preSolution
		HideSolutionNode = FALSE
	EndGlobalSection
	GlobalSection(ExtensibilityGlobals) = postSolution
		SolutionGuid = {5B4E01B5-4D92-4C60-9358-E5FF308D872D}
	EndGlobalSection
EndGlobal
