
Microsoft Visual Studio Solution File, Format Version 12.00
# Visual Studio Version 17
VisualStudioVersion = 17.0.32112.339
MinimumVisualStudioVersion = 10.0.40219.1
Project("{9A19103F-16F7-4668-BE54-9A1E7A4F7556}") = "CSharpTest", "CSharpTest\CSharpTest.csproj", "{E392B484-2400-4AAD-A385-777E4A47B21B}"
EndProject
Project("{9A19103F-16F7-4668-BE54-9A1E7A4F7556}") = "EF_MySQL", "EF_MySQL\EF_MySQL.csproj", "{13151007-EE1E-4CCB-8F49-13ABE7A7871B}"
EndProject
Project("{9A19103F-16F7-4668-BE54-9A1E7A4F7556}") = "Base_SQL", "Base_SQL\Base_SQL.csproj", "{37B4F20E-2E1A-49C4-9314-22952EC7368A}"
EndProject
Project("{9A19103F-16F7-4668-BE54-9A1E7A4F7556}") = "IOC", "IOC\IOC.csproj", "{E683F336-7592-4806-BE51-E2355B2A3719}"
EndProject
Project("{9A19103F-16F7-4668-BE54-9A1E7A4F7556}") = "TCP", "TCP\TCP.csproj", "{C844F006-5D00-4436-85BA-FDCC312745FC}"
EndProject
Project("{FAE04EC0-301F-11D3-BF4B-00C04F79EFBC}") = "Boxing", "Boxing\Boxing.csproj", "{FBE374CC-07D1-4D9F-A0BE-3A7D75ABBFCF}"
EndProject
Global
	GlobalSection(SolutionConfigurationPlatforms) = preSolution
		Debug|Any CPU = Debug|Any CPU
		Release|Any CPU = Release|Any CPU
	EndGlobalSection
	GlobalSection(ProjectConfigurationPlatforms) = postSolution
		{E392B484-2400-4AAD-A385-777E4A47B21B}.Debug|Any CPU.ActiveCfg = Debug|Any CPU
		{E392B484-2400-4AAD-A385-777E4A47B21B}.Debug|Any CPU.Build.0 = Debug|Any CPU
		{E392B484-2400-4AAD-A385-777E4A47B21B}.Release|Any CPU.ActiveCfg = Release|Any CPU
		{E392B484-2400-4AAD-A385-777E4A47B21B}.Release|Any CPU.Build.0 = Release|Any CPU
		{13151007-EE1E-4CCB-8F49-13ABE7A7871B}.Debug|Any CPU.ActiveCfg = Debug|Any CPU
		{13151007-EE1E-4CCB-8F49-13ABE7A7871B}.Debug|Any CPU.Build.0 = Debug|Any CPU
		{13151007-EE1E-4CCB-8F49-13ABE7A7871B}.Release|Any CPU.ActiveCfg = Release|Any CPU
		{13151007-EE1E-4CCB-8F49-13ABE7A7871B}.Release|Any CPU.Build.0 = Release|Any CPU
		{37B4F20E-2E1A-49C4-9314-22952EC7368A}.Debug|Any CPU.ActiveCfg = Debug|Any CPU
		{37B4F20E-2E1A-49C4-9314-22952EC7368A}.Debug|Any CPU.Build.0 = Debug|Any CPU
		{37B4F20E-2E1A-49C4-9314-22952EC7368A}.Release|Any CPU.ActiveCfg = Release|Any CPU
		{37B4F20E-2E1A-49C4-9314-22952EC7368A}.Release|Any CPU.Build.0 = Release|Any CPU
		{E683F336-7592-4806-BE51-E2355B2A3719}.Debug|Any CPU.ActiveCfg = Debug|Any CPU
		{E683F336-7592-4806-BE51-E2355B2A3719}.Debug|Any CPU.Build.0 = Debug|Any CPU
		{E683F336-7592-4806-BE51-E2355B2A3719}.Release|Any CPU.ActiveCfg = Release|Any CPU
		{E683F336-7592-4806-BE51-E2355B2A3719}.Release|Any CPU.Build.0 = Release|Any CPU
		{C844F006-5D00-4436-85BA-FDCC312745FC}.Debug|Any CPU.ActiveCfg = Debug|Any CPU
		{C844F006-5D00-4436-85BA-FDCC312745FC}.Debug|Any CPU.Build.0 = Debug|Any CPU
		{C844F006-5D00-4436-85BA-FDCC312745FC}.Release|Any CPU.ActiveCfg = Release|Any CPU
		{C844F006-5D00-4436-85BA-FDCC312745FC}.Release|Any CPU.Build.0 = Release|Any CPU
		{FBE374CC-07D1-4D9F-A0BE-3A7D75ABBFCF}.Debug|Any CPU.ActiveCfg = Debug|Any CPU
		{FBE374CC-07D1-4D9F-A0BE-3A7D75ABBFCF}.Debug|Any CPU.Build.0 = Debug|Any CPU
		{FBE374CC-07D1-4D9F-A0BE-3A7D75ABBFCF}.Release|Any CPU.ActiveCfg = Release|Any CPU
		{FBE374CC-07D1-4D9F-A0BE-3A7D75ABBFCF}.Release|Any CPU.Build.0 = Release|Any CPU
	EndGlobalSection
	GlobalSection(SolutionProperties) = preSolution
		HideSolutionNode = FALSE
	EndGlobalSection
	GlobalSection(ExtensibilityGlobals) = postSolution
		SolutionGuid = {5B4E01B5-4D92-4C60-9358-E5FF308D872D}
	EndGlobalSection
EndGlobal
