
Microsoft Visual Studio Solution File, Format Version 12.00
# Visual Studio Version 17
VisualStudioVersion = 17.0.32112.339
MinimumVisualStudioVersion = 10.0.40219.1
Project("{9A19103F-16F7-4668-BE54-9A1E7A4F7556}") = "EF_MySQL", "EF_MySQL\EF_MySQL.csproj", "{13151007-EE1E-4CCB-8F49-13ABE7A7871B}"
EndProject
Project("{9A19103F-16F7-4668-BE54-9A1E7A4F7556}") = "Boxing", "Boxing\Boxing.csproj", "{FBE374CC-07D1-4D9F-A0BE-3A7D75ABBFCF}"
EndProject
Project("{2150E333-8FDC-42A3-9474-1A3956D46DE8}") = "SQL", "SQL", "{90BDD950-0559-46FE-9F4D-567CC0992EE3}"
EndProject
Project("{2150E333-8FDC-42A3-9474-1A3956D46DE8}") = "IOC", "IOC", "{9871D1C0-CF0A-4E2C-9A7A-DD20D899B110}"
EndProject
Project("{2150E333-8FDC-42A3-9474-1A3956D46DE8}") = "DAL", "DAL", "{AD5B5C92-5E47-4753-9325-6E5B68BC3A16}"
EndProject
Project("{2150E333-8FDC-42A3-9474-1A3956D46DE8}") = "EF", "EF", "{911A2103-4C5C-41E8-BF0C-A42D663091E9}"
EndProject
Project("{2150E333-8FDC-42A3-9474-1A3956D46DE8}") = "Dapper", "Dapper", "{45A98BC7-D1CD-4799-BB95-9351FAFF5E28}"
EndProject
Project("{FAE04EC0-301F-11D3-BF4B-00C04F79EFBC}") = "IOC.DAL.DAL", "IOC.DAL.DAL\IOC.DAL.DAL.csproj", "{2A12D67E-8493-4D31-9047-A1B952BB09DD}"
EndProject
Project("{2150E333-8FDC-42A3-9474-1A3956D46DE8}") = "BLL", "BLL", "{48EC3C22-E080-4BF6-AEEE-D77BA9FD41F4}"
EndProject
Project("{FAE04EC0-301F-11D3-BF4B-00C04F79EFBC}") = "IOC.BLL.IBLL", "IOC.BLL.IBLL\IOC.BLL.IBLL.csproj", "{07E3FAC3-CA12-47D6-B58F-23B007164E24}"
EndProject
Project("{FAE04EC0-301F-11D3-BF4B-00C04F79EFBC}") = "IOC.BLL.BLL", "IOC.BLL.BLL\IOC.BLL.BLL.csproj", "{B6102EEA-0FC8-4623-9B4C-548272EB47D6}"
EndProject
Project("{FAE04EC0-301F-11D3-BF4B-00C04F79EFBC}") = "SQL.EF.MySQL", "SQL.EF.MySQL\SQL.EF.MySQL.csproj", "{3DFE1CA1-AED3-4913-9452-C9A74FA7E258}"
EndProject
Global
	GlobalSection(SolutionConfigurationPlatforms) = preSolution
		Debug|Any CPU = Debug|Any CPU
		Release|Any CPU = Release|Any CPU
	EndGlobalSection
	GlobalSection(ProjectConfigurationPlatforms) = postSolution
		{13151007-EE1E-4CCB-8F49-13ABE7A7871B}.Debug|Any CPU.ActiveCfg = Debug|Any CPU
		{13151007-EE1E-4CCB-8F49-13ABE7A7871B}.Debug|Any CPU.Build.0 = Debug|Any CPU
		{13151007-EE1E-4CCB-8F49-13ABE7A7871B}.Release|Any CPU.ActiveCfg = Release|Any CPU
		{13151007-EE1E-4CCB-8F49-13ABE7A7871B}.Release|Any CPU.Build.0 = Release|Any CPU
		{FBE374CC-07D1-4D9F-A0BE-3A7D75ABBFCF}.Debug|Any CPU.ActiveCfg = Debug|Any CPU
		{FBE374CC-07D1-4D9F-A0BE-3A7D75ABBFCF}.Debug|Any CPU.Build.0 = Debug|Any CPU
		{FBE374CC-07D1-4D9F-A0BE-3A7D75ABBFCF}.Release|Any CPU.ActiveCfg = Release|Any CPU
		{FBE374CC-07D1-4D9F-A0BE-3A7D75ABBFCF}.Release|Any CPU.Build.0 = Release|Any CPU
		{2A12D67E-8493-4D31-9047-A1B952BB09DD}.Debug|Any CPU.ActiveCfg = Debug|Any CPU
		{2A12D67E-8493-4D31-9047-A1B952BB09DD}.Debug|Any CPU.Build.0 = Debug|Any CPU
		{2A12D67E-8493-4D31-9047-A1B952BB09DD}.Release|Any CPU.ActiveCfg = Release|Any CPU
		{2A12D67E-8493-4D31-9047-A1B952BB09DD}.Release|Any CPU.Build.0 = Release|Any CPU
		{07E3FAC3-CA12-47D6-B58F-23B007164E24}.Debug|Any CPU.ActiveCfg = Debug|Any CPU
		{07E3FAC3-CA12-47D6-B58F-23B007164E24}.Debug|Any CPU.Build.0 = Debug|Any CPU
		{07E3FAC3-CA12-47D6-B58F-23B007164E24}.Release|Any CPU.ActiveCfg = Release|Any CPU
		{07E3FAC3-CA12-47D6-B58F-23B007164E24}.Release|Any CPU.Build.0 = Release|Any CPU
		{B6102EEA-0FC8-4623-9B4C-548272EB47D6}.Debug|Any CPU.ActiveCfg = Debug|Any CPU
		{B6102EEA-0FC8-4623-9B4C-548272EB47D6}.Debug|Any CPU.Build.0 = Debug|Any CPU
		{B6102EEA-0FC8-4623-9B4C-548272EB47D6}.Release|Any CPU.ActiveCfg = Release|Any CPU
		{B6102EEA-0FC8-4623-9B4C-548272EB47D6}.Release|Any CPU.Build.0 = Release|Any CPU
		{3DFE1CA1-AED3-4913-9452-C9A74FA7E258}.Debug|Any CPU.ActiveCfg = Debug|Any CPU
		{3DFE1CA1-AED3-4913-9452-C9A74FA7E258}.Debug|Any CPU.Build.0 = Debug|Any CPU
		{3DFE1CA1-AED3-4913-9452-C9A74FA7E258}.Release|Any CPU.ActiveCfg = Release|Any CPU
		{3DFE1CA1-AED3-4913-9452-C9A74FA7E258}.Release|Any CPU.Build.0 = Release|Any CPU
	EndGlobalSection
	GlobalSection(SolutionProperties) = preSolution
		HideSolutionNode = FALSE
	EndGlobalSection
	GlobalSection(NestedProjects) = preSolution
		{13151007-EE1E-4CCB-8F49-13ABE7A7871B} = {911A2103-4C5C-41E8-BF0C-A42D663091E9}
		{AD5B5C92-5E47-4753-9325-6E5B68BC3A16} = {9871D1C0-CF0A-4E2C-9A7A-DD20D899B110}
		{911A2103-4C5C-41E8-BF0C-A42D663091E9} = {90BDD950-0559-46FE-9F4D-567CC0992EE3}
		{45A98BC7-D1CD-4799-BB95-9351FAFF5E28} = {90BDD950-0559-46FE-9F4D-567CC0992EE3}
		{2A12D67E-8493-4D31-9047-A1B952BB09DD} = {AD5B5C92-5E47-4753-9325-6E5B68BC3A16}
		{48EC3C22-E080-4BF6-AEEE-D77BA9FD41F4} = {9871D1C0-CF0A-4E2C-9A7A-DD20D899B110}
		{07E3FAC3-CA12-47D6-B58F-23B007164E24} = {48EC3C22-E080-4BF6-AEEE-D77BA9FD41F4}
		{B6102EEA-0FC8-4623-9B4C-548272EB47D6} = {48EC3C22-E080-4BF6-AEEE-D77BA9FD41F4}
		{3DFE1CA1-AED3-4913-9452-C9A74FA7E258} = {911A2103-4C5C-41E8-BF0C-A42D663091E9}
	EndGlobalSection
	GlobalSection(ExtensibilityGlobals) = postSolution
		SolutionGuid = {5B4E01B5-4D92-4C60-9358-E5FF308D872D}
	EndGlobalSection
EndGlobal
